
Microsoft Visual Studio Solution File, Format Version 12.00
# Visual Studio Version 17
VisualStudioVersion = 17.3.32819.101
MinimumVisualStudioVersion = 10.0.40219.1
Project("{FAE04EC0-301F-11D3-BF4B-00C04F79EFBC}") = "WPF_Assignment_1", "WPF_Assignment_1\WPF_Assignment_1.csproj", "{11673254-BC7E-4EED-99B7-F7091EA28289}"
EndProject
Global
	GlobalSection(SolutionConfigurationPlatforms) = preSolution
		Debug|Any CPU = Debug|Any CPU
		Release|Any CPU = Release|Any CPU
	EndGlobalSection
	GlobalSection(ProjectConfigurationPlatforms) = postSolution
		{11673254-BC7E-4EED-99B7-F7091EA28289}.Debug|Any CPU.ActiveCfg = Debug|Any CPU
		{11673254-BC7E-4EED-99B7-F7091EA28289}.Debug|Any CPU.Build.0 = Debug|Any CPU
		{11673254-BC7E-4EED-99B7-F7091EA28289}.Release|Any CPU.ActiveCfg = Release|Any CPU
		{11673254-BC7E-4EED-99B7-F7091EA28289}.Release|Any CPU.Build.0 = Release|Any CPU
	EndGlobalSection
	GlobalSection(SolutionProperties) = preSolution
		HideSolutionNode = FALSE
	EndGlobalSection
	GlobalSection(ExtensibilityGlobals) = postSolution
		SolutionGuid = {36C28B50-E02B-42B2-B723-FE37DF0550BF}
	EndGlobalSection
EndGlobal
